
Microsoft Visual Studio Solution File, Format Version 12.00
# Visual Studio Version 17
VisualStudioVersion = 17.12.35527.113 d17.12
MinimumVisualStudioVersion = 10.0.40219.1
Project("{FAE04EC0-301F-11D3-BF4B-00C04F79EFBC}") = "WorldCities2.Server", "WorldCities2.Server\WorldCities2.Server.csproj", "{16E69853-1D6A-469C-9D89-56B67E97F92F}"
EndProject
Project("{54A90642-561A-4BB1-A94E-469ADEE60C69}") = "worldcities2.client", "worldcities2.client\worldcities2.client.esproj", "{E1F2854B-628E-4DB5-AF70-B8089AEC395B}"
EndProject
Global
	GlobalSection(SolutionConfigurationPlatforms) = preSolution
		Debug|Any CPU = Debug|Any CPU
		Release|Any CPU = Release|Any CPU
	EndGlobalSection
	GlobalSection(ProjectConfigurationPlatforms) = postSolution
		{16E69853-1D6A-469C-9D89-56B67E97F92F}.Debug|Any CPU.ActiveCfg = Debug|Any CPU
		{16E69853-1D6A-469C-9D89-56B67E97F92F}.Debug|Any CPU.Build.0 = Debug|Any CPU
		{16E69853-1D6A-469C-9D89-56B67E97F92F}.Release|Any CPU.ActiveCfg = Release|Any CPU
		{16E69853-1D6A-469C-9D89-56B67E97F92F}.Release|Any CPU.Build.0 = Release|Any CPU
		{E1F2854B-628E-4DB5-AF70-B8089AEC395B}.Debug|Any CPU.ActiveCfg = Debug|Any CPU
		{E1F2854B-628E-4DB5-AF70-B8089AEC395B}.Debug|Any CPU.Build.0 = Debug|Any CPU
		{E1F2854B-628E-4DB5-AF70-B8089AEC395B}.Debug|Any CPU.Deploy.0 = Debug|Any CPU
		{E1F2854B-628E-4DB5-AF70-B8089AEC395B}.Release|Any CPU.ActiveCfg = Release|Any CPU
		{E1F2854B-628E-4DB5-AF70-B8089AEC395B}.Release|Any CPU.Build.0 = Release|Any CPU
		{E1F2854B-628E-4DB5-AF70-B8089AEC395B}.Release|Any CPU.Deploy.0 = Release|Any CPU
	EndGlobalSection
	GlobalSection(SolutionProperties) = preSolution
		HideSolutionNode = FALSE
	EndGlobalSection
EndGlobal
